
Microsoft Visual Studio Solution File, Format Version 12.00
# Visual Studio Version 17
VisualStudioVersion = 17.0.31903.59
MinimumVisualStudioVersion = 10.0.40219.1
Project("{FAE04EC0-301F-11D3-BF4B-00C04F79EFBC}") = "TaskFlow.Domain", "src\TaskFlow.Domain\TaskFlow.Domain.csproj", "{A1000001-0001-4000-8000-000000000001}"
EndProject
Project("{FAE04EC0-301F-11D3-BF4B-00C04F79EFBC}") = "TaskFlow.Application", "src\TaskFlow.Application\TaskFlow.Application.csproj", "{A1000002-0002-4000-8000-000000000002}"
EndProject
Project("{FAE04EC0-301F-11D3-BF4B-00C04F79EFBC}") = "TaskFlow.Infrastructure", "src\TaskFlow.Infrastructure\TaskFlow.Infrastructure.csproj", "{A1000003-0003-4000-8000-000000000003}"
EndProject
Project("{FAE04EC0-301F-11D3-BF4B-00C04F79EFBC}") = "TaskFlow.Web", "src\TaskFlow.Web\TaskFlow.Web.csproj", "{A1000004-0004-4000-8000-000000000004}"
EndProject
Project("{FAE04EC0-301F-11D3-BF4B-00C04F79EFBC}") = "TaskFlow.Tests", "tests\TaskFlow.Tests\TaskFlow.Tests.csproj", "{A1000005-0005-4000-8000-000000000005}"
EndProject
Project("{2150E333-8FDC-42A3-9474-1A3956D46DE8}") = "src", "src", "{B1000001-0001-4000-8000-000000000001}"
EndProject
Project("{2150E333-8FDC-42A3-9474-1A3956D46DE8}") = "tests", "tests", "{B1000002-0002-4000-8000-000000000002}"
EndProject
Project("{FAE04EC0-301F-11D3-BF4B-00C04F79EFBC}") = "TaskFlow.Tests.MSTest", "tests\TaskFlow.Tests.MSTest\TaskFlow.Tests.MSTest.csproj", "{814994BF-BA0F-4C5F-BDE8-E00664AA9F0A}"
EndProject
Project("{FAE04EC0-301F-11D3-BF4B-00C04F79EFBC}") = "TaskFlow.Tests.XUnitV3", "tests\TaskFlow.Tests.XUnitV3\TaskFlow.Tests.XUnitV3.csproj", "{BEC5DC7A-FE0B-44B6-911D-4DD96F30F1E6}"
EndProject
Project("{FAE04EC0-301F-11D3-BF4B-00C04F79EFBC}") = "TaskFlow.Tests.TUnit", "tests\TaskFlow.Tests.TUnit\TaskFlow.Tests.TUnit.csproj", "{AD94C585-8C16-456A-B325-EE953E4F92EE}"
EndProject
Global
	GlobalSection(SolutionConfigurationPlatforms) = preSolution
		Debug|Any CPU = Debug|Any CPU
		Debug|x64 = Debug|x64
		Debug|x86 = Debug|x86
		Release|Any CPU = Release|Any CPU
		Release|x64 = Release|x64
		Release|x86 = Release|x86
	EndGlobalSection
	GlobalSection(ProjectConfigurationPlatforms) = postSolution
		{A1000001-0001-4000-8000-000000000001}.Debug|Any CPU.ActiveCfg = Debug|Any CPU
		{A1000001-0001-4000-8000-000000000001}.Debug|Any CPU.Build.0 = Debug|Any CPU
		{A1000001-0001-4000-8000-000000000001}.Debug|x64.ActiveCfg = Debug|Any CPU
		{A1000001-0001-4000-8000-000000000001}.Debug|x64.Build.0 = Debug|Any CPU
		{A1000001-0001-4000-8000-000000000001}.Debug|x86.ActiveCfg = Debug|Any CPU
		{A1000001-0001-4000-8000-000000000001}.Debug|x86.Build.0 = Debug|Any CPU
		{A1000001-0001-4000-8000-000000000001}.Release|Any CPU.ActiveCfg = Release|Any CPU
		{A1000001-0001-4000-8000-000000000001}.Release|Any CPU.Build.0 = Release|Any CPU
		{A1000001-0001-4000-8000-000000000001}.Release|x64.ActiveCfg = Release|Any CPU
		{A1000001-0001-4000-8000-000000000001}.Release|x64.Build.0 = Release|Any CPU
		{A1000001-0001-4000-8000-000000000001}.Release|x86.ActiveCfg = Release|Any CPU
		{A1000001-0001-4000-8000-000000000001}.Release|x86.Build.0 = Release|Any CPU
		{A1000002-0002-4000-8000-000000000002}.Debug|Any CPU.ActiveCfg = Debug|Any CPU
		{A1000002-0002-4000-8000-000000000002}.Debug|Any CPU.Build.0 = Debug|Any CPU
		{A1000002-0002-4000-8000-000000000002}.Debug|x64.ActiveCfg = Debug|Any CPU
		{A1000002-0002-4000-8000-000000000002}.Debug|x64.Build.0 = Debug|Any CPU
		{A1000002-0002-4000-8000-000000000002}.Debug|x86.ActiveCfg = Debug|Any CPU
		{A1000002-0002-4000-8000-000000000002}.Debug|x86.Build.0 = Debug|Any CPU
		{A1000002-0002-4000-8000-000000000002}.Release|Any CPU.ActiveCfg = Release|Any CPU
		{A1000002-0002-4000-8000-000000000002}.Release|Any CPU.Build.0 = Release|Any CPU
		{A1000002-0002-4000-8000-000000000002}.Release|x64.ActiveCfg = Release|Any CPU
		{A1000002-0002-4000-8000-000000000002}.Release|x64.Build.0 = Release|Any CPU
		{A1000002-0002-4000-8000-000000000002}.Release|x86.ActiveCfg = Release|Any CPU
		{A1000002-0002-4000-8000-000000000002}.Release|x86.Build.0 = Release|Any CPU
		{A1000003-0003-4000-8000-000000000003}.Debug|Any CPU.ActiveCfg = Debug|Any CPU
		{A1000003-0003-4000-8000-000000000003}.Debug|Any CPU.Build.0 = Debug|Any CPU
		{A1000003-0003-4000-8000-000000000003}.Debug|x64.ActiveCfg = Debug|Any CPU
		{A1000003-0003-4000-8000-000000000003}.Debug|x64.Build.0 = Debug|Any CPU
		{A1000003-0003-4000-8000-000000000003}.Debug|x86.ActiveCfg = Debug|Any CPU
		{A1000003-0003-4000-8000-000000000003}.Debug|x86.Build.0 = Debug|Any CPU
		{A1000003-0003-4000-8000-000000000003}.Release|Any CPU.ActiveCfg = Release|Any CPU
		{A1000003-0003-4000-8000-000000000003}.Release|Any CPU.Build.0 = Release|Any CPU
		{A1000003-0003-4000-8000-000000000003}.Release|x64.ActiveCfg = Release|Any CPU
		{A1000003-0003-4000-8000-000000000003}.Release|x64.Build.0 = Release|Any CPU
		{A1000003-0003-4000-8000-000000000003}.Release|x86.ActiveCfg = Release|Any CPU
		{A1000003-0003-4000-8000-000000000003}.Release|x86.Build.0 = Release|Any CPU
		{A1000004-0004-4000-8000-000000000004}.Debug|Any CPU.ActiveCfg = Debug|Any CPU
		{A1000004-0004-4000-8000-000000000004}.Debug|Any CPU.Build.0 = Debug|Any CPU
		{A1000004-0004-4000-8000-000000000004}.Debug|x64.ActiveCfg = Debug|Any CPU
		{A1000004-0004-4000-8000-000000000004}.Debug|x64.Build.0 = Debug|Any CPU
		{A1000004-0004-4000-8000-000000000004}.Debug|x86.ActiveCfg = Debug|Any CPU
		{A1000004-0004-4000-8000-000000000004}.Debug|x86.Build.0 = Debug|Any CPU
		{A1000004-0004-4000-8000-000000000004}.Release|Any CPU.ActiveCfg = Release|Any CPU
		{A1000004-0004-4000-8000-000000000004}.Release|Any CPU.Build.0 = Release|Any CPU
		{A1000004-0004-4000-8000-000000000004}.Release|x64.ActiveCfg = Release|Any CPU
		{A1000004-0004-4000-8000-000000000004}.Release|x64.Build.0 = Release|Any CPU
		{A1000004-0004-4000-8000-000000000004}.Release|x86.ActiveCfg = Release|Any CPU
		{A1000004-0004-4000-8000-000000000004}.Release|x86.Build.0 = Release|Any CPU
		{A1000005-0005-4000-8000-000000000005}.Debug|Any CPU.ActiveCfg = Debug|Any CPU
		{A1000005-0005-4000-8000-000000000005}.Debug|Any CPU.Build.0 = Debug|Any CPU
		{A1000005-0005-4000-8000-000000000005}.Debug|x64.ActiveCfg = Debug|Any CPU
		{A1000005-0005-4000-8000-000000000005}.Debug|x64.Build.0 = Debug|Any CPU
		{A1000005-0005-4000-8000-000000000005}.Debug|x86.ActiveCfg = Debug|Any CPU
		{A1000005-0005-4000-8000-000000000005}.Debug|x86.Build.0 = Debug|Any CPU
		{A1000005-0005-4000-8000-000000000005}.Release|Any CPU.ActiveCfg = Release|Any CPU
		{A1000005-0005-4000-8000-000000000005}.Release|Any CPU.Build.0 = Release|Any CPU
		{A1000005-0005-4000-8000-000000000005}.Release|x64.ActiveCfg = Release|Any CPU
		{A1000005-0005-4000-8000-000000000005}.Release|x64.Build.0 = Release|Any CPU
		{A1000005-0005-4000-8000-000000000005}.Release|x86.ActiveCfg = Release|Any CPU
		{A1000005-0005-4000-8000-000000000005}.Release|x86.Build.0 = Release|Any CPU
		{814994BF-BA0F-4C5F-BDE8-E00664AA9F0A}.Debug|Any CPU.ActiveCfg = Debug|Any CPU
		{814994BF-BA0F-4C5F-BDE8-E00664AA9F0A}.Debug|Any CPU.Build.0 = Debug|Any CPU
		{814994BF-BA0F-4C5F-BDE8-E00664AA9F0A}.Debug|x64.ActiveCfg = Debug|Any CPU
		{814994BF-BA0F-4C5F-BDE8-E00664AA9F0A}.Debug|x64.Build.0 = Debug|Any CPU
		{814994BF-BA0F-4C5F-BDE8-E00664AA9F0A}.Debug|x86.ActiveCfg = Debug|Any CPU
		{814994BF-BA0F-4C5F-BDE8-E00664AA9F0A}.Debug|x86.Build.0 = Debug|Any CPU
		{814994BF-BA0F-4C5F-BDE8-E00664AA9F0A}.Release|Any CPU.ActiveCfg = Release|Any CPU
		{814994BF-BA0F-4C5F-BDE8-E00664AA9F0A}.Release|Any CPU.Build.0 = Release|Any CPU
		{814994BF-BA0F-4C5F-BDE8-E00664AA9F0A}.Release|x64.ActiveCfg = Release|Any CPU
		{814994BF-BA0F-4C5F-BDE8-E00664AA9F0A}.Release|x64.Build.0 = Release|Any CPU
		{814994BF-BA0F-4C5F-BDE8-E00664AA9F0A}.Release|x86.ActiveCfg = Release|Any CPU
		{814994BF-BA0F-4C5F-BDE8-E00664AA9F0A}.Release|x86.Build.0 = Release|Any CPU
		{BEC5DC7A-FE0B-44B6-911D-4DD96F30F1E6}.Debug|Any CPU.ActiveCfg = Debug|Any CPU
		{BEC5DC7A-FE0B-44B6-911D-4DD96F30F1E6}.Debug|Any CPU.Build.0 = Debug|Any CPU
		{BEC5DC7A-FE0B-44B6-911D-4DD96F30F1E6}.Debug|x64.ActiveCfg = Debug|Any CPU
		{BEC5DC7A-FE0B-44B6-911D-4DD96F30F1E6}.Debug|x64.Build.0 = Debug|Any CPU
		{BEC5DC7A-FE0B-44B6-911D-4DD96F30F1E6}.Debug|x86.ActiveCfg = Debug|Any CPU
		{BEC5DC7A-FE0B-44B6-911D-4DD96F30F1E6}.Debug|x86.Build.0 = Debug|Any CPU
		{BEC5DC7A-FE0B-44B6-911D-4DD96F30F1E6}.Release|Any CPU.ActiveCfg = Release|Any CPU
		{BEC5DC7A-FE0B-44B6-911D-4DD96F30F1E6}.Release|Any CPU.Build.0 = Release|Any CPU
		{BEC5DC7A-FE0B-44B6-911D-4DD96F30F1E6}.Release|x64.ActiveCfg = Release|Any CPU
		{BEC5DC7A-FE0B-44B6-911D-4DD96F30F1E6}.Release|x64.Build.0 = Release|Any CPU
		{BEC5DC7A-FE0B-44B6-911D-4DD96F30F1E6}.Release|x86.ActiveCfg = Release|Any CPU
		{BEC5DC7A-FE0B-44B6-911D-4DD96F30F1E6}.Release|x86.Build.0 = Release|Any CPU
		{AD94C585-8C16-456A-B325-EE953E4F92EE}.Debug|Any CPU.ActiveCfg = Debug|Any CPU
		{AD94C585-8C16-456A-B325-EE953E4F92EE}.Debug|Any CPU.Build.0 = Debug|Any CPU
		{AD94C585-8C16-456A-B325-EE953E4F92EE}.Debug|x64.ActiveCfg = Debug|Any CPU
		{AD94C585-8C16-456A-B325-EE953E4F92EE}.Debug|x64.Build.0 = Debug|Any CPU
		{AD94C585-8C16-456A-B325-EE953E4F92EE}.Debug|x86.ActiveCfg = Debug|Any CPU
		{AD94C585-8C16-456A-B325-EE953E4F92EE}.Debug|x86.Build.0 = Debug|Any CPU
		{AD94C585-8C16-456A-B325-EE953E4F92EE}.Release|Any CPU.ActiveCfg = Release|Any CPU
		{AD94C585-8C16-456A-B325-EE953E4F92EE}.Release|Any CPU.Build.0 = Release|Any CPU
		{AD94C585-8C16-456A-B325-EE953E4F92EE}.Release|x64.ActiveCfg = Release|Any CPU
		{AD94C585-8C16-456A-B325-EE953E4F92EE}.Release|x64.Build.0 = Release|Any CPU
		{AD94C585-8C16-456A-B325-EE953E4F92EE}.Release|x86.ActiveCfg = Release|Any CPU
		{AD94C585-8C16-456A-B325-EE953E4F92EE}.Release|x86.Build.0 = Release|Any CPU
	EndGlobalSection
	GlobalSection(SolutionProperties) = preSolution
		HideSolutionNode = FALSE
	EndGlobalSection
	GlobalSection(NestedProjects) = preSolution
		{A1000001-0001-4000-8000-000000000001} = {B1000001-0001-4000-8000-000000000001}
		{A1000002-0002-4000-8000-000000000002} = {B1000001-0001-4000-8000-000000000001}
		{A1000003-0003-4000-8000-000000000003} = {B1000001-0001-4000-8000-000000000001}
		{A1000004-0004-4000-8000-000000000004} = {B1000001-0001-4000-8000-000000000001}
		{A1000005-0005-4000-8000-000000000005} = {B1000002-0002-4000-8000-000000000002}
		{814994BF-BA0F-4C5F-BDE8-E00664AA9F0A} = {B1000002-0002-4000-8000-000000000002}
		{BEC5DC7A-FE0B-44B6-911D-4DD96F30F1E6} = {B1000002-0002-4000-8000-000000000002}
		{AD94C585-8C16-456A-B325-EE953E4F92EE} = {B1000002-0002-4000-8000-000000000002}
	EndGlobalSection
EndGlobal
